
Microsoft Visual Studio Solution File, Format Version 12.00
# Visual Studio Version 16
VisualStudioVersion = 16.0.31729.503
MinimumVisualStudioVersion = 10.0.40219.1
Project("{888888A0-9F3D-457C-B088-3A5042F75D52}") = "DjangoEmailToAI_test", "DjangoEmailToAI_test.pyproj", "{1104D51A-27CF-48F9-9554-DE3D9962C333}"
EndProject
Global
	GlobalSection(SolutionConfigurationPlatforms) = preSolution
		Debug|Any CPU = Debug|Any CPU
		Release|Any CPU = Release|Any CPU
	EndGlobalSection
	GlobalSection(ProjectConfigurationPlatforms) = postSolution
		{1104D51A-27CF-48F9-9554-DE3D9962C333}.Debug|Any CPU.ActiveCfg = Debug|Any CPU
		{1104D51A-27CF-48F9-9554-DE3D9962C333}.Debug|Any CPU.Build.0 = Debug|Any CPU
		{1104D51A-27CF-48F9-9554-DE3D9962C333}.Release|Any CPU.ActiveCfg = Release|Any CPU
		{1104D51A-27CF-48F9-9554-DE3D9962C333}.Release|Any CPU.Build.0 = Release|Any CPU
	EndGlobalSection
	GlobalSection(SolutionProperties) = preSolution
		HideSolutionNode = FALSE
	EndGlobalSection
	GlobalSection(ExtensibilityGlobals) = postSolution
		SolutionGuid = {A1DA8576-CFF5-471F-9891-DB39E880B058}
	EndGlobalSection
EndGlobal
